
Microsoft Visual Studio Solution File, Format Version 12.00
Project("{FAE04EC0-301F-11D3-BF4B-00C04F79EFBC}") = "NazmulPortfolio", "NazmulPortfolio\NazmulPortfolio.csproj", "{5873E1B3-ECC8-44D7-8C5F-A619DF03A089}"
EndProject
Global
	GlobalSection(SolutionConfigurationPlatforms) = preSolution
		Debug|Any CPU = Debug|Any CPU
		Release|Any CPU = Release|Any CPU
	EndGlobalSection
	GlobalSection(ProjectConfigurationPlatforms) = postSolution
		{5873E1B3-ECC8-44D7-8C5F-A619DF03A089}.Debug|Any CPU.ActiveCfg = Debug|Any CPU
		{5873E1B3-ECC8-44D7-8C5F-A619DF03A089}.Debug|Any CPU.Build.0 = Debug|Any CPU
		{5873E1B3-ECC8-44D7-8C5F-A619DF03A089}.Release|Any CPU.ActiveCfg = Release|Any CPU
		{5873E1B3-ECC8-44D7-8C5F-A619DF03A089}.Release|Any CPU.Build.0 = Release|Any CPU
	EndGlobalSection
EndGlobal
